// !$*UTF8*$!
{
	archiveVersion = 1;
	classes = {
	};
	objectVersion = 56;
	objects = {

/* Begin PBXBuildFile section */
		1D8D5FBE0BCFC2D861ECE9F8 /* Pods_ollamaGUI.framework in Frameworks */ = {isa = PBXBuildFile; fileRef = 99CC9802010F649185C7EF44 /* Pods_ollamaGUI.framework */; };
		AC1978B02B55009B0091EE4F /* StringHelper.swift in Sources */ = {isa = PBXBuildFile; fileRef = AC1978AF2B55009B0091EE4F /* StringHelper.swift */; };
		AC1978B32B5503070091EE4F /* MarkdownUI in Frameworks */ = {isa = PBXBuildFile; productRef = AC1978B22B5503070091EE4F /* MarkdownUI */; };
		AC229F842B5526570033143C /* ChatModel.swift in Sources */ = {isa = PBXBuildFile; fileRef = AC229F832B5526570033143C /* ChatModel.swift */; };
		AC40BBE32B55066900AA7D1C /* MarkdownTheme.swift in Sources */ = {isa = PBXBuildFile; fileRef = AC40BBE22B55066900AA7D1C /* MarkdownTheme.swift */; };
		AC40BBFA2B551D1700AA7D1C /* MessageEntity.swift in Sources */ = {isa = PBXBuildFile; fileRef = AC40BBF92B551D1700AA7D1C /* MessageEntity.swift */; };
		AC40BBFC2B551DA500AA7D1C /* ChatEntity.swift in Sources */ = {isa = PBXBuildFile; fileRef = AC40BBFB2B551DA500AA7D1C /* ChatEntity.swift */; };
		AC40BBFE2B551EBC00AA7D1C /* RoomEntity.swift in Sources */ = {isa = PBXBuildFile; fileRef = AC40BBFD2B551EBC00AA7D1C /* RoomEntity.swift */; };
		AC40BC002B55221000AA7D1C /* DataInteractor.swift in Sources */ = {isa = PBXBuildFile; fileRef = AC40BBFF2B55221000AA7D1C /* DataInteractor.swift */; };
		AC725C2D2B511D3200B3E266 /* Interactor.swift in Sources */ = {isa = PBXBuildFile; fileRef = AC725C2C2B511D3200B3E266 /* Interactor.swift */; };
		AC725C2F2B5125BB00B3E266 /* ChatRequestModel.swift in Sources */ = {isa = PBXBuildFile; fileRef = AC725C2E2B5125BB00B3E266 /* ChatRequestModel.swift */; };
		AC725C312B51304000B3E266 /* DictionaryEncoder.swift in Sources */ = {isa = PBXBuildFile; fileRef = AC725C302B51304000B3E266 /* DictionaryEncoder.swift */; };
		AC725C332B517A0D00B3E266 /* MessageModel.swift in Sources */ = {isa = PBXBuildFile; fileRef = AC725C322B517A0D00B3E266 /* MessageModel.swift */; };
		AC842E392B4D16F700F9EC3F /* ollamaGUIApp.swift in Sources */ = {isa = PBXBuildFile; fileRef = AC842E382B4D16F700F9EC3F /* ollamaGUIApp.swift */; };
		AC842E3B2B4D16F700F9EC3F /* ContentView.swift in Sources */ = {isa = PBXBuildFile; fileRef = AC842E3A2B4D16F700F9EC3F /* ContentView.swift */; };
		AC842E3D2B4D16F800F9EC3F /* Assets.xcassets in Resources */ = {isa = PBXBuildFile; fileRef = AC842E3C2B4D16F800F9EC3F /* Assets.xcassets */; };
		AC842E402B4D16F800F9EC3F /* Preview Assets.xcassets in Resources */ = {isa = PBXBuildFile; fileRef = AC842E3F2B4D16F800F9EC3F /* Preview Assets.xcassets */; };
		AC842E4A2B4D191800F9EC3F /* HomeView.swift in Sources */ = {isa = PBXBuildFile; fileRef = AC842E492B4D191800F9EC3F /* HomeView.swift */; };
		AC842E4D2B4D1AFB00F9EC3F /* SideBar.swift in Sources */ = {isa = PBXBuildFile; fileRef = AC842E4C2B4D1AFB00F9EC3F /* SideBar.swift */; };
		AC842E502B4D1BE000F9EC3F /* ViewHelper.swift in Sources */ = {isa = PBXBuildFile; fileRef = AC842E4F2B4D1BE000F9EC3F /* ViewHelper.swift */; };
		AC842E532B4D3A5000F9EC3F /* SidebarButton.swift in Sources */ = {isa = PBXBuildFile; fileRef = AC842E522B4D3A5000F9EC3F /* SidebarButton.swift */; };
		AC842E562B4E6EE300F9EC3F /* ChatView.swift in Sources */ = {isa = PBXBuildFile; fileRef = AC842E552B4E6EE300F9EC3F /* ChatView.swift */; };
		AC842E5E2B4E6F8000F9EC3F /* RoleEnum.swift in Sources */ = {isa = PBXBuildFile; fileRef = AC842E5D2B4E6F8000F9EC3F /* RoleEnum.swift */; };
		AC842E632B4E784300F9EC3F /* ChatBubble.swift in Sources */ = {isa = PBXBuildFile; fileRef = AC842E622B4E784300F9EC3F /* ChatBubble.swift */; };
		AC842E652B4E81D700F9EC3F /* BubbleShape.swift in Sources */ = {isa = PBXBuildFile; fileRef = AC842E642B4E81D700F9EC3F /* BubbleShape.swift */; };
		AC842E692B4FC4A700F9EC3F /* CommonButton.swift in Sources */ = {isa = PBXBuildFile; fileRef = AC842E682B4FC4A700F9EC3F /* CommonButton.swift */; };
		AC842E6B2B4FC7F000F9EC3F /* MessageEditor.swift in Sources */ = {isa = PBXBuildFile; fileRef = AC842E6A2B4FC7F000F9EC3F /* MessageEditor.swift */; };
		AC842E6E2B4FCA4800F9EC3F /* DIContainer.swift in Sources */ = {isa = PBXBuildFile; fileRef = AC842E6D2B4FCA4800F9EC3F /* DIContainer.swift */; };
		AC842E702B4FDA1D00F9EC3F /* Router.swift in Sources */ = {isa = PBXBuildFile; fileRef = AC842E6F2B4FDA1D00F9EC3F /* Router.swift */; };
		AC842E742B4FDD6A00F9EC3F /* NetworkHelper.swift in Sources */ = {isa = PBXBuildFile; fileRef = AC842E732B4FDD6A00F9EC3F /* NetworkHelper.swift */; };
		AC842E762B4FE20700F9EC3F /* Loadable.swift in Sources */ = {isa = PBXBuildFile; fileRef = AC842E752B4FE20700F9EC3F /* Loadable.swift */; };
		AC842E782B4FE2EA00F9EC3F /* DescribableEnum.swift in Sources */ = {isa = PBXBuildFile; fileRef = AC842E772B4FE2EA00F9EC3F /* DescribableEnum.swift */; };
		AC842E7B2B4FE3C200F9EC3F /* NetworkError.swift in Sources */ = {isa = PBXBuildFile; fileRef = AC842E7A2B4FE3C200F9EC3F /* NetworkError.swift */; };
		AC97DE422B543FF200A4508B /* KeyPressedController.swift in Sources */ = {isa = PBXBuildFile; fileRef = AC97DE412B543FF200A4508B /* KeyPressedController.swift */; };
		ACF5C0092B5563CD00861735 /* ClearButton.swift in Sources */ = {isa = PBXBuildFile; fileRef = ACF5C0082B5563CD00861735 /* ClearButton.swift */; };
		ACF5C00D2B5564C300861735 /* ChatHeader.swift in Sources */ = {isa = PBXBuildFile; fileRef = ACF5C00C2B5564C300861735 /* ChatHeader.swift */; };
		ACF5C00F2B55704800861735 /* StopButton.swift in Sources */ = {isa = PBXBuildFile; fileRef = ACF5C00E2B55704800861735 /* StopButton.swift */; };
		ACF5C0112B557BBC00861735 /* AppSetting.swift in Sources */ = {isa = PBXBuildFile; fileRef = ACF5C0102B557BBC00861735 /* AppSetting.swift */; };
/* End PBXBuildFile section */

/* Begin PBXFileReference section */
		53CA5445BF6B3981C24E69FB /* Pods-ollamaGUI.debug.xcconfig */ = {isa = PBXFileReference; includeInIndex = 1; lastKnownFileType = text.xcconfig; name = "Pods-ollamaGUI.debug.xcconfig"; path = "Target Support Files/Pods-ollamaGUI/Pods-ollamaGUI.debug.xcconfig"; sourceTree = "<group>"; };
		99CC9802010F649185C7EF44 /* Pods_ollamaGUI.framework */ = {isa = PBXFileReference; explicitFileType = wrapper.framework; includeInIndex = 0; path = Pods_ollamaGUI.framework; sourceTree = BUILT_PRODUCTS_DIR; };
		AC1978AF2B55009B0091EE4F /* StringHelper.swift */ = {isa = PBXFileReference; lastKnownFileType = sourcecode.swift; path = StringHelper.swift; sourceTree = "<group>"; };
		AC229F832B5526570033143C /* ChatModel.swift */ = {isa = PBXFileReference; fileEncoding = 4; lastKnownFileType = sourcecode.swift; path = ChatModel.swift; sourceTree = "<group>"; };
		AC40BBE22B55066900AA7D1C /* MarkdownTheme.swift */ = {isa = PBXFileReference; lastKnownFileType = sourcecode.swift; path = MarkdownTheme.swift; sourceTree = "<group>"; };
		AC40BBF92B551D1700AA7D1C /* MessageEntity.swift */ = {isa = PBXFileReference; lastKnownFileType = sourcecode.swift; path = MessageEntity.swift; sourceTree = "<group>"; };
		AC40BBFB2B551DA500AA7D1C /* ChatEntity.swift */ = {isa = PBXFileReference; lastKnownFileType = sourcecode.swift; path = ChatEntity.swift; sourceTree = "<group>"; };
		AC40BBFD2B551EBC00AA7D1C /* RoomEntity.swift */ = {isa = PBXFileReference; lastKnownFileType = sourcecode.swift; path = RoomEntity.swift; sourceTree = "<group>"; };
		AC40BBFF2B55221000AA7D1C /* DataInteractor.swift */ = {isa = PBXFileReference; lastKnownFileType = sourcecode.swift; path = DataInteractor.swift; sourceTree = "<group>"; };
		AC725C2C2B511D3200B3E266 /* Interactor.swift */ = {isa = PBXFileReference; lastKnownFileType = sourcecode.swift; path = Interactor.swift; sourceTree = "<group>"; };
		AC725C2E2B5125BB00B3E266 /* ChatRequestModel.swift */ = {isa = PBXFileReference; lastKnownFileType = sourcecode.swift; path = ChatRequestModel.swift; sourceTree = "<group>"; };
		AC725C302B51304000B3E266 /* DictionaryEncoder.swift */ = {isa = PBXFileReference; lastKnownFileType = sourcecode.swift; path = DictionaryEncoder.swift; sourceTree = "<group>"; };
		AC725C322B517A0D00B3E266 /* MessageModel.swift */ = {isa = PBXFileReference; lastKnownFileType = sourcecode.swift; path = MessageModel.swift; sourceTree = "<group>"; };
		AC842E352B4D16F700F9EC3F /* ollamaGUI.app */ = {isa = PBXFileReference; explicitFileType = wrapper.application; includeInIndex = 0; path = ollamaGUI.app; sourceTree = BUILT_PRODUCTS_DIR; };
		AC842E382B4D16F700F9EC3F /* ollamaGUIApp.swift */ = {isa = PBXFileReference; lastKnownFileType = sourcecode.swift; path = ollamaGUIApp.swift; sourceTree = "<group>"; };
		AC842E3A2B4D16F700F9EC3F /* ContentView.swift */ = {isa = PBXFileReference; lastKnownFileType = sourcecode.swift; path = ContentView.swift; sourceTree = "<group>"; };
		AC842E3C2B4D16F800F9EC3F /* Assets.xcassets */ = {isa = PBXFileReference; lastKnownFileType = folder.assetcatalog; path = Assets.xcassets; sourceTree = "<group>"; };
		AC842E3F2B4D16F800F9EC3F /* Preview Assets.xcassets */ = {isa = PBXFileReference; lastKnownFileType = folder.assetcatalog; path = "Preview Assets.xcassets"; sourceTree = "<group>"; };
		AC842E412B4D16F800F9EC3F /* ollamaGUI.entitlements */ = {isa = PBXFileReference; lastKnownFileType = text.plist.entitlements; path = ollamaGUI.entitlements; sourceTree = "<group>"; };
		AC842E492B4D191800F9EC3F /* HomeView.swift */ = {isa = PBXFileReference; lastKnownFileType = sourcecode.swift; path = HomeView.swift; sourceTree = "<group>"; };
		AC842E4C2B4D1AFB00F9EC3F /* SideBar.swift */ = {isa = PBXFileReference; lastKnownFileType = sourcecode.swift; path = SideBar.swift; sourceTree = "<group>"; };
		AC842E4F2B4D1BE000F9EC3F /* ViewHelper.swift */ = {isa = PBXFileReference; lastKnownFileType = sourcecode.swift; path = ViewHelper.swift; sourceTree = "<group>"; };
		AC842E522B4D3A5000F9EC3F /* SidebarButton.swift */ = {isa = PBXFileReference; lastKnownFileType = sourcecode.swift; path = SidebarButton.swift; sourceTree = "<group>"; };
		AC842E552B4E6EE300F9EC3F /* ChatView.swift */ = {isa = PBXFileReference; lastKnownFileType = sourcecode.swift; path = ChatView.swift; sourceTree = "<group>"; };
		AC842E5D2B4E6F8000F9EC3F /* RoleEnum.swift */ = {isa = PBXFileReference; lastKnownFileType = sourcecode.swift; path = RoleEnum.swift; sourceTree = "<group>"; };
		AC842E622B4E784300F9EC3F /* ChatBubble.swift */ = {isa = PBXFileReference; lastKnownFileType = sourcecode.swift; path = ChatBubble.swift; sourceTree = "<group>"; };
		AC842E642B4E81D700F9EC3F /* BubbleShape.swift */ = {isa = PBXFileReference; lastKnownFileType = sourcecode.swift; path = BubbleShape.swift; sourceTree = "<group>"; };
		AC842E682B4FC4A700F9EC3F /* CommonButton.swift */ = {isa = PBXFileReference; lastKnownFileType = sourcecode.swift; path = CommonButton.swift; sourceTree = "<group>"; };
		AC842E6A2B4FC7F000F9EC3F /* MessageEditor.swift */ = {isa = PBXFileReference; fileEncoding = 4; lastKnownFileType = sourcecode.swift; path = MessageEditor.swift; sourceTree = "<group>"; };
		AC842E6D2B4FCA4800F9EC3F /* DIContainer.swift */ = {isa = PBXFileReference; lastKnownFileType = sourcecode.swift; path = DIContainer.swift; sourceTree = "<group>"; };
		AC842E6F2B4FDA1D00F9EC3F /* Router.swift */ = {isa = PBXFileReference; lastKnownFileType = sourcecode.swift; name = Router.swift; path = ../../../../Router.swift; sourceTree = "<group>"; };
		AC842E732B4FDD6A00F9EC3F /* NetworkHelper.swift */ = {isa = PBXFileReference; lastKnownFileType = sourcecode.swift; path = NetworkHelper.swift; sourceTree = "<group>"; };
		AC842E752B4FE20700F9EC3F /* Loadable.swift */ = {isa = PBXFileReference; lastKnownFileType = sourcecode.swift; path = Loadable.swift; sourceTree = "<group>"; };
		AC842E772B4FE2EA00F9EC3F /* DescribableEnum.swift */ = {isa = PBXFileReference; lastKnownFileType = sourcecode.swift; path = DescribableEnum.swift; sourceTree = "<group>"; };
		AC842E7A2B4FE3C200F9EC3F /* NetworkError.swift */ = {isa = PBXFileReference; lastKnownFileType = sourcecode.swift; path = NetworkError.swift; sourceTree = "<group>"; };
		AC97DE412B543FF200A4508B /* KeyPressedController.swift */ = {isa = PBXFileReference; lastKnownFileType = sourcecode.swift; path = KeyPressedController.swift; sourceTree = "<group>"; };
		ACF5C0082B5563CD00861735 /* ClearButton.swift */ = {isa = PBXFileReference; lastKnownFileType = sourcecode.swift; path = ClearButton.swift; sourceTree = "<group>"; };
		ACF5C00C2B5564C300861735 /* ChatHeader.swift */ = {isa = PBXFileReference; lastKnownFileType = sourcecode.swift; path = ChatHeader.swift; sourceTree = "<group>"; };
		ACF5C00E2B55704800861735 /* StopButton.swift */ = {isa = PBXFileReference; lastKnownFileType = sourcecode.swift; path = StopButton.swift; sourceTree = "<group>"; };
		ACF5C0102B557BBC00861735 /* AppSetting.swift */ = {isa = PBXFileReference; lastKnownFileType = sourcecode.swift; path = AppSetting.swift; sourceTree = "<group>"; };
		BF65F4059A904DEBDE105736 /* Pods-ollamaGUI.release.xcconfig */ = {isa = PBXFileReference; includeInIndex = 1; lastKnownFileType = text.xcconfig; name = "Pods-ollamaGUI.release.xcconfig"; path = "Target Support Files/Pods-ollamaGUI/Pods-ollamaGUI.release.xcconfig"; sourceTree = "<group>"; };
/* End PBXFileReference section */

/* Begin PBXFrameworksBuildPhase section */
		AC842E322B4D16F700F9EC3F /* Frameworks */ = {
			isa = PBXFrameworksBuildPhase;
			buildActionMask = 2147483647;
			files = (
				1D8D5FBE0BCFC2D861ECE9F8 /* Pods_ollamaGUI.framework in Frameworks */,
				AC1978B32B5503070091EE4F /* MarkdownUI in Frameworks */,
			);
			runOnlyForDeploymentPostprocessing = 0;
		};
/* End PBXFrameworksBuildPhase section */

/* Begin PBXGroup section */
		875CC7948AB0503FA84A4A6F /* Pods */ = {
			isa = PBXGroup;
			children = (
				53CA5445BF6B3981C24E69FB /* Pods-ollamaGUI.debug.xcconfig */,
				BF65F4059A904DEBDE105736 /* Pods-ollamaGUI.release.xcconfig */,
			);
			path = Pods;
			sourceTree = "<group>";
		};
		AC40BBE42B550D5C00AA7D1C /* Data */ = {
			isa = PBXGroup;
			children = (
				AC40BBF92B551D1700AA7D1C /* MessageEntity.swift */,
				AC40BBFB2B551DA500AA7D1C /* ChatEntity.swift */,
				AC40BBFD2B551EBC00AA7D1C /* RoomEntity.swift */,
			);
			path = Data;
			sourceTree = "<group>";
		};
		AC842E2C2B4D16F700F9EC3F = {
			isa = PBXGroup;
			children = (
				AC842E372B4D16F700F9EC3F /* ollamaGUI */,
				AC842E362B4D16F700F9EC3F /* Products */,
				875CC7948AB0503FA84A4A6F /* Pods */,
				C496E79C72A612FD73E80721 /* Frameworks */,
			);
			sourceTree = "<group>";
		};
		AC842E362B4D16F700F9EC3F /* Products */ = {
			isa = PBXGroup;
			children = (
				AC842E352B4D16F700F9EC3F /* ollamaGUI.app */,
			);
			name = Products;
			sourceTree = "<group>";
		};
		AC842E372B4D16F700F9EC3F /* ollamaGUI */ = {
			isa = PBXGroup;
			children = (
				AC40BBE42B550D5C00AA7D1C /* Data */,
				AC842E792B4FE3B300F9EC3F /* Core */,
				AC842E6C2B4FCA3000F9EC3F /* Injected */,
				AC842E5C2B4E6F7800F9EC3F /* Enum */,
				AC842E572B4E6F3000F9EC3F /* Model */,
				AC842E4E2B4D1BD200F9EC3F /* Helper */,
				AC842E472B4D190200F9EC3F /* UI */,
				AC842E382B4D16F700F9EC3F /* ollamaGUIApp.swift */,
				AC842E3A2B4D16F700F9EC3F /* ContentView.swift */,
				AC842E3C2B4D16F800F9EC3F /* Assets.xcassets */,
				AC842E412B4D16F800F9EC3F /* ollamaGUI.entitlements */,
				AC842E3E2B4D16F800F9EC3F /* Preview Content */,
			);
			path = ollamaGUI;
			sourceTree = "<group>";
		};
		AC842E3E2B4D16F800F9EC3F /* Preview Content */ = {
			isa = PBXGroup;
			children = (
				AC842E3F2B4D16F800F9EC3F /* Preview Assets.xcassets */,
			);
			path = "Preview Content";
			sourceTree = "<group>";
		};
		AC842E472B4D190200F9EC3F /* UI */ = {
			isa = PBXGroup;
			children = (
				AC97DE402B543FDE00A4508B /* Controller */,
				AC842E542B4E6ED800F9EC3F /* Chat */,
				AC842E512B4D3A3F00F9EC3F /* Commen */,
				AC842E4B2B4D1AED00F9EC3F /* SideBar */,
				AC842E482B4D190D00F9EC3F /* Home */,
			);
			path = UI;
			sourceTree = "<group>";
		};
		AC842E482B4D190D00F9EC3F /* Home */ = {
			isa = PBXGroup;
			children = (
				AC842E492B4D191800F9EC3F /* HomeView.swift */,
			);
			path = Home;
			sourceTree = "<group>";
		};
		AC842E4B2B4D1AED00F9EC3F /* SideBar */ = {
			isa = PBXGroup;
			children = (
				AC842E4C2B4D1AFB00F9EC3F /* SideBar.swift */,
			);
			path = SideBar;
			sourceTree = "<group>";
		};
		AC842E4E2B4D1BD200F9EC3F /* Helper */ = {
			isa = PBXGroup;
			children = (
				AC842E4F2B4D1BE000F9EC3F /* ViewHelper.swift */,
				AC842E732B4FDD6A00F9EC3F /* NetworkHelper.swift */,
				AC842E772B4FE2EA00F9EC3F /* DescribableEnum.swift */,
				AC725C302B51304000B3E266 /* DictionaryEncoder.swift */,
				AC1978AF2B55009B0091EE4F /* StringHelper.swift */,
				AC40BBE22B55066900AA7D1C /* MarkdownTheme.swift */,
			);
			path = Helper;
			sourceTree = "<group>";
		};
		AC842E512B4D3A3F00F9EC3F /* Commen */ = {
			isa = PBXGroup;
			children = (
				AC842E522B4D3A5000F9EC3F /* SidebarButton.swift */,
				AC842E682B4FC4A700F9EC3F /* CommonButton.swift */,
				ACF5C0082B5563CD00861735 /* ClearButton.swift */,
			);
			path = Commen;
			sourceTree = "<group>";
		};
		AC842E542B4E6ED800F9EC3F /* Chat */ = {
			isa = PBXGroup;
			children = (
				AC842E612B4E783400F9EC3F /* Components */,
				AC842E552B4E6EE300F9EC3F /* ChatView.swift */,
			);
			name = Chat;
			sourceTree = "<group>";
		};
		AC842E572B4E6F3000F9EC3F /* Model */ = {
			isa = PBXGroup;
			children = (
				AC229F832B5526570033143C /* ChatModel.swift */,
				AC725C2E2B5125BB00B3E266 /* ChatRequestModel.swift */,
				AC725C322B517A0D00B3E266 /* MessageModel.swift */,
			);
			path = Model;
			sourceTree = "<group>";
		};
		AC842E5C2B4E6F7800F9EC3F /* Enum */ = {
			isa = PBXGroup;
			children = (
				AC842E5D2B4E6F8000F9EC3F /* RoleEnum.swift */,
			);
			path = Enum;
			sourceTree = "<group>";
		};
		AC842E612B4E783400F9EC3F /* Components */ = {
			isa = PBXGroup;
			children = (
				AC842E6A2B4FC7F000F9EC3F /* MessageEditor.swift */,
				AC842E622B4E784300F9EC3F /* ChatBubble.swift */,
				AC842E642B4E81D700F9EC3F /* BubbleShape.swift */,
				ACF5C00C2B5564C300861735 /* ChatHeader.swift */,
				ACF5C00E2B55704800861735 /* StopButton.swift */,
			);
			name = Components;
			sourceTree = "<group>";
		};
		AC842E6C2B4FCA3000F9EC3F /* Injected */ = {
			isa = PBXGroup;
			children = (
				AC842E6D2B4FCA4800F9EC3F /* DIContainer.swift */,
				AC842E6F2B4FDA1D00F9EC3F /* Router.swift */,
				AC725C2C2B511D3200B3E266 /* Interactor.swift */,
				AC40BBFF2B55221000AA7D1C /* DataInteractor.swift */,
				ACF5C0102B557BBC00861735 /* AppSetting.swift */,
			);
			path = Injected;
			sourceTree = "<group>";
		};
		AC842E792B4FE3B300F9EC3F /* Core */ = {
			isa = PBXGroup;
			children = (
				AC842E752B4FE20700F9EC3F /* Loadable.swift */,
				AC842E7A2B4FE3C200F9EC3F /* NetworkError.swift */,
			);
			path = Core;
			sourceTree = "<group>";
		};
		AC97DE402B543FDE00A4508B /* Controller */ = {
			isa = PBXGroup;
			children = (
				AC97DE412B543FF200A4508B /* KeyPressedController.swift */,
			);
			path = Controller;
			sourceTree = "<group>";
		};
		C496E79C72A612FD73E80721 /* Frameworks */ = {
			isa = PBXGroup;
			children = (
				99CC9802010F649185C7EF44 /* Pods_ollamaGUI.framework */,
			);
			name = Frameworks;
			sourceTree = "<group>";
		};
/* End PBXGroup section */

/* Begin PBXNativeTarget section */
		AC842E342B4D16F700F9EC3F /* ollamaGUI */ = {
			isa = PBXNativeTarget;
			buildConfigurationList = AC842E442B4D16F800F9EC3F /* Build configuration list for PBXNativeTarget "ollamaGUI" */;
			buildPhases = (
				5AB10DA11C2E15D989FDEAD2 /* [CP] Check Pods Manifest.lock */,
				AC842E312B4D16F700F9EC3F /* Sources */,
				AC842E322B4D16F700F9EC3F /* Frameworks */,
				AC842E332B4D16F700F9EC3F /* Resources */,
				69AC2AE32C3A8C10908F7EBC /* [CP] Embed Pods Frameworks */,
			);
			buildRules = (
			);
			dependencies = (
			);
			name = ollamaGUI;
			packageProductDependencies = (
				AC1978B22B5503070091EE4F /* MarkdownUI */,
			);
			productName = ollamaGUI;
			productReference = AC842E352B4D16F700F9EC3F /* ollamaGUI.app */;
			productType = "com.apple.product-type.application";
		};
/* End PBXNativeTarget section */

/* Begin PBXProject section */
		AC842E2D2B4D16F700F9EC3F /* Project object */ = {
			isa = PBXProject;
			attributes = {
				BuildIndependentTargetsInParallel = 1;
				LastSwiftUpdateCheck = 1510;
				LastUpgradeCheck = 1510;
				TargetAttributes = {
					AC842E342B4D16F700F9EC3F = {
						CreatedOnToolsVersion = 15.1;
					};
				};
			};
			buildConfigurationList = AC842E302B4D16F700F9EC3F /* Build configuration list for PBXProject "ollamaGUI" */;
			compatibilityVersion = "Xcode 14.0";
			developmentRegion = en;
			hasScannedForEncodings = 0;
			knownRegions = (
				en,
				Base,
			);
			mainGroup = AC842E2C2B4D16F700F9EC3F;
			packageReferences = (
				AC1978B12B5503070091EE4F /* XCRemoteSwiftPackageReference "swift-markdown-ui" */,
			);
			productRefGroup = AC842E362B4D16F700F9EC3F /* Products */;
			projectDirPath = "";
			projectRoot = "";
			targets = (
				AC842E342B4D16F700F9EC3F /* ollamaGUI */,
			);
		};
/* End PBXProject section */

/* Begin PBXResourcesBuildPhase section */
		AC842E332B4D16F700F9EC3F /* Resources */ = {
			isa = PBXResourcesBuildPhase;
			buildActionMask = 2147483647;
			files = (
				AC842E402B4D16F800F9EC3F /* Preview Assets.xcassets in Resources */,
				AC842E3D2B4D16F800F9EC3F /* Assets.xcassets in Resources */,
			);
			runOnlyForDeploymentPostprocessing = 0;
		};
/* End PBXResourcesBuildPhase section */

/* Begin PBXShellScriptBuildPhase section */
		5AB10DA11C2E15D989FDEAD2 /* [CP] Check Pods Manifest.lock */ = {
			isa = PBXShellScriptBuildPhase;
			buildActionMask = 2147483647;
			files = (
			);
			inputFileListPaths = (
			);
			inputPaths = (
				"${PODS_PODFILE_DIR_PATH}/Podfile.lock",
				"${PODS_ROOT}/Manifest.lock",
			);
			name = "[CP] Check Pods Manifest.lock";
			outputFileListPaths = (
			);
			outputPaths = (
				"$(DERIVED_FILE_DIR)/Pods-ollamaGUI-checkManifestLockResult.txt",
			);
			runOnlyForDeploymentPostprocessing = 0;
			shellPath = /bin/sh;
			shellScript = "diff \"${PODS_PODFILE_DIR_PATH}/Podfile.lock\" \"${PODS_ROOT}/Manifest.lock\" > /dev/null\nif [ $? != 0 ] ; then\n    # print error to STDERR\n    echo \"error: The sandbox is not in sync with the Podfile.lock. Run 'pod install' or update your CocoaPods installation.\" >&2\n    exit 1\nfi\n# This output is used by Xcode 'outputs' to avoid re-running this script phase.\necho \"SUCCESS\" > \"${SCRIPT_OUTPUT_FILE_0}\"\n";
			showEnvVarsInLog = 0;
		};
		69AC2AE32C3A8C10908F7EBC /* [CP] Embed Pods Frameworks */ = {
			isa = PBXShellScriptBuildPhase;
			buildActionMask = 2147483647;
			files = (
			);
			inputFileListPaths = (
				"${PODS_ROOT}/Target Support Files/Pods-ollamaGUI/Pods-ollamaGUI-frameworks-${CONFIGURATION}-input-files.xcfilelist",
			);
			name = "[CP] Embed Pods Frameworks";
			outputFileListPaths = (
				"${PODS_ROOT}/Target Support Files/Pods-ollamaGUI/Pods-ollamaGUI-frameworks-${CONFIGURATION}-output-files.xcfilelist",
			);
			runOnlyForDeploymentPostprocessing = 0;
			shellPath = /bin/sh;
			shellScript = "\"${PODS_ROOT}/Target Support Files/Pods-ollamaGUI/Pods-ollamaGUI-frameworks.sh\"\n";
			showEnvVarsInLog = 0;
		};
/* End PBXShellScriptBuildPhase section */

/* Begin PBXSourcesBuildPhase section */
		AC842E312B4D16F700F9EC3F /* Sources */ = {
			isa = PBXSourcesBuildPhase;
			buildActionMask = 2147483647;
			files = (
				AC40BC002B55221000AA7D1C /* DataInteractor.swift in Sources */,
				AC842E6E2B4FCA4800F9EC3F /* DIContainer.swift in Sources */,
				AC725C2F2B5125BB00B3E266 /* ChatRequestModel.swift in Sources */,
				AC842E502B4D1BE000F9EC3F /* ViewHelper.swift in Sources */,
				AC725C2D2B511D3200B3E266 /* Interactor.swift in Sources */,
				ACF5C00F2B55704800861735 /* StopButton.swift in Sources */,
				AC229F842B5526570033143C /* ChatModel.swift in Sources */,
				AC842E742B4FDD6A00F9EC3F /* NetworkHelper.swift in Sources */,
				AC842E632B4E784300F9EC3F /* ChatBubble.swift in Sources */,
				ACF5C0092B5563CD00861735 /* ClearButton.swift in Sources */,
				ACF5C0112B557BBC00861735 /* AppSetting.swift in Sources */,
				AC842E562B4E6EE300F9EC3F /* ChatView.swift in Sources */,
				AC842E4A2B4D191800F9EC3F /* HomeView.swift in Sources */,
				AC97DE422B543FF200A4508B /* KeyPressedController.swift in Sources */,
				AC842E6B2B4FC7F000F9EC3F /* MessageEditor.swift in Sources */,
				AC842E652B4E81D700F9EC3F /* BubbleShape.swift in Sources */,
				AC842E702B4FDA1D00F9EC3F /* Router.swift in Sources */,
				AC842E762B4FE20700F9EC3F /* Loadable.swift in Sources */,
				AC725C312B51304000B3E266 /* DictionaryEncoder.swift in Sources */,
				AC842E782B4FE2EA00F9EC3F /* DescribableEnum.swift in Sources */,
				AC842E532B4D3A5000F9EC3F /* SidebarButton.swift in Sources */,
				AC842E3B2B4D16F700F9EC3F /* ContentView.swift in Sources */,
				ACF5C00D2B5564C300861735 /* ChatHeader.swift in Sources */,
				AC40BBE32B55066900AA7D1C /* MarkdownTheme.swift in Sources */,
				AC40BBFA2B551D1700AA7D1C /* MessageEntity.swift in Sources */,
				AC40BBFC2B551DA500AA7D1C /* ChatEntity.swift in Sources */,
				AC842E5E2B4E6F8000F9EC3F /* RoleEnum.swift in Sources */,
				AC725C332B517A0D00B3E266 /* MessageModel.swift in Sources */,
				AC40BBFE2B551EBC00AA7D1C /* RoomEntity.swift in Sources */,
				AC842E4D2B4D1AFB00F9EC3F /* SideBar.swift in Sources */,
				AC842E692B4FC4A700F9EC3F /* CommonButton.swift in Sources */,
				AC842E392B4D16F700F9EC3F /* ollamaGUIApp.swift in Sources */,
				AC1978B02B55009B0091EE4F /* StringHelper.swift in Sources */,
				AC842E7B2B4FE3C200F9EC3F /* NetworkError.swift in Sources */,
			);
			runOnlyForDeploymentPostprocessing = 0;
		};
/* End PBXSourcesBuildPhase section */

/* Begin XCBuildConfiguration section */
		AC842E422B4D16F800F9EC3F /* Debug */ = {
			isa = XCBuildConfiguration;
			buildSettings = {
				ALWAYS_SEARCH_USER_PATHS = NO;
				ASSETCATALOG_COMPILER_GENERATE_SWIFT_ASSET_SYMBOL_EXTENSIONS = YES;
				CLANG_ANALYZER_NONNULL = YES;
				CLANG_ANALYZER_NUMBER_OBJECT_CONVERSION = YES_AGGRESSIVE;
				CLANG_CXX_LANGUAGE_STANDARD = "gnu++20";
				CLANG_ENABLE_MODULES = YES;
				CLANG_ENABLE_OBJC_ARC = YES;
				CLANG_ENABLE_OBJC_WEAK = YES;
				CLANG_WARN_BLOCK_CAPTURE_AUTORELEASING = YES;
				CLANG_WARN_BOOL_CONVERSION = YES;
				CLANG_WARN_COMMA = YES;
				CLANG_WARN_CONSTANT_CONVERSION = YES;
				CLANG_WARN_DEPRECATED_OBJC_IMPLEMENTATIONS = YES;
				CLANG_WARN_DIRECT_OBJC_ISA_USAGE = YES_ERROR;
				CLANG_WARN_DOCUMENTATION_COMMENTS = YES;
				CLANG_WARN_EMPTY_BODY = YES;
				CLANG_WARN_ENUM_CONVERSION = YES;
				CLANG_WARN_INFINITE_RECURSION = YES;
				CLANG_WARN_INT_CONVERSION = YES;
				CLANG_WARN_NON_LITERAL_NULL_CONVERSION = YES;
				CLANG_WARN_OBJC_IMPLICIT_RETAIN_SELF = YES;
				CLANG_WARN_OBJC_LITERAL_CONVERSION = YES;
				CLANG_WARN_OBJC_ROOT_CLASS = YES_ERROR;
				CLANG_WARN_QUOTED_INCLUDE_IN_FRAMEWORK_HEADER = YES;
				CLANG_WARN_RANGE_LOOP_ANALYSIS = YES;
				CLANG_WARN_STRICT_PROTOTYPES = YES;
				CLANG_WARN_SUSPICIOUS_MOVE = YES;
				CLANG_WARN_UNGUARDED_AVAILABILITY = YES_AGGRESSIVE;
				CLANG_WARN_UNREACHABLE_CODE = YES;
				CLANG_WARN__DUPLICATE_METHOD_MATCH = YES;
				COPY_PHASE_STRIP = NO;
				DEAD_CODE_STRIPPING = YES;
				DEBUG_INFORMATION_FORMAT = dwarf;
				ENABLE_STRICT_OBJC_MSGSEND = YES;
				ENABLE_TESTABILITY = YES;
				ENABLE_USER_SCRIPT_SANDBOXING = NO;
				GCC_C_LANGUAGE_STANDARD = gnu17;
				GCC_DYNAMIC_NO_PIC = NO;
				GCC_NO_COMMON_BLOCKS = YES;
				GCC_OPTIMIZATION_LEVEL = 0;
				GCC_PREPROCESSOR_DEFINITIONS = (
					"DEBUG=1",
					"$(inherited)",
				);
				GCC_WARN_64_TO_32_BIT_CONVERSION = YES;
				GCC_WARN_ABOUT_RETURN_TYPE = YES_ERROR;
				GCC_WARN_UNDECLARED_SELECTOR = YES;
				GCC_WARN_UNINITIALIZED_AUTOS = YES_AGGRESSIVE;
				GCC_WARN_UNUSED_FUNCTION = YES;
				GCC_WARN_UNUSED_VARIABLE = YES;
				LOCALIZATION_PREFERS_STRING_CATALOGS = YES;
				MACOSX_DEPLOYMENT_TARGET = 14.2;
				MTL_ENABLE_DEBUG_INFO = INCLUDE_SOURCE;
				MTL_FAST_MATH = YES;
				ONLY_ACTIVE_ARCH = YES;
				SDKROOT = macosx;
				SWIFT_ACTIVE_COMPILATION_CONDITIONS = "DEBUG $(inherited)";
				SWIFT_OPTIMIZATION_LEVEL = "-Onone";
			};
			name = Debug;
		};
		AC842E432B4D16F800F9EC3F /* Release */ = {
			isa = XCBuildConfiguration;
			buildSettings = {
				ALWAYS_SEARCH_USER_PATHS = NO;
				ASSETCATALOG_COMPILER_GENERATE_SWIFT_ASSET_SYMBOL_EXTENSIONS = YES;
				CLANG_ANALYZER_NONNULL = YES;
				CLANG_ANALYZER_NUMBER_OBJECT_CONVERSION = YES_AGGRESSIVE;
				CLANG_CXX_LANGUAGE_STANDARD = "gnu++20";
				CLANG_ENABLE_MODULES = YES;
				CLANG_ENABLE_OBJC_ARC = YES;
				CLANG_ENABLE_OBJC_WEAK = YES;
				CLANG_WARN_BLOCK_CAPTURE_AUTORELEASING = YES;
				CLANG_WARN_BOOL_CONVERSION = YES;
				CLANG_WARN_COMMA = YES;
				CLANG_WARN_CONSTANT_CONVERSION = YES;
				CLANG_WARN_DEPRECATED_OBJC_IMPLEMENTATIONS = YES;
				CLANG_WARN_DIRECT_OBJC_ISA_USAGE = YES_ERROR;
				CLANG_WARN_DOCUMENTATION_COMMENTS = YES;
				CLANG_WARN_EMPTY_BODY = YES;
				CLANG_WARN_ENUM_CONVERSION = YES;
				CLANG_WARN_INFINITE_RECURSION = YES;
				CLANG_WARN_INT_CONVERSION = YES;
				CLANG_WARN_NON_LITERAL_NULL_CONVERSION = YES;
				CLANG_WARN_OBJC_IMPLICIT_RETAIN_SELF = YES;
				CLANG_WARN_OBJC_LITERAL_CONVERSION = YES;
				CLANG_WARN_OBJC_ROOT_CLASS = YES_ERROR;
				CLANG_WARN_QUOTED_INCLUDE_IN_FRAMEWORK_HEADER = YES;
				CLANG_WARN_RANGE_LOOP_ANALYSIS = YES;
				CLANG_WARN_STRICT_PROTOTYPES = YES;
				CLANG_WARN_SUSPICIOUS_MOVE = YES;
				CLANG_WARN_UNGUARDED_AVAILABILITY = YES_AGGRESSIVE;
				CLANG_WARN_UNREACHABLE_CODE = YES;
				CLANG_WARN__DUPLICATE_METHOD_MATCH = YES;
				COPY_PHASE_STRIP = NO;
				DEAD_CODE_STRIPPING = YES;
				DEBUG_INFORMATION_FORMAT = "dwarf-with-dsym";
				ENABLE_NS_ASSERTIONS = NO;
				ENABLE_STRICT_OBJC_MSGSEND = YES;
				ENABLE_USER_SCRIPT_SANDBOXING = NO;
				GCC_C_LANGUAGE_STANDARD = gnu17;
				GCC_NO_COMMON_BLOCKS = YES;
				GCC_WARN_64_TO_32_BIT_CONVERSION = YES;
				GCC_WARN_ABOUT_RETURN_TYPE = YES_ERROR;
				GCC_WARN_UNDECLARED_SELECTOR = YES;
				GCC_WARN_UNINITIALIZED_AUTOS = YES_AGGRESSIVE;
				GCC_WARN_UNUSED_FUNCTION = YES;
				GCC_WARN_UNUSED_VARIABLE = YES;
				LOCALIZATION_PREFERS_STRING_CATALOGS = YES;
				MACOSX_DEPLOYMENT_TARGET = 14.2;
				MTL_ENABLE_DEBUG_INFO = NO;
				MTL_FAST_MATH = YES;
				SDKROOT = macosx;
				SWIFT_COMPILATION_MODE = wholemodule;
			};
			name = Release;
		};
		AC842E452B4D16F800F9EC3F /* Debug */ = {
			isa = XCBuildConfiguration;
			baseConfigurationReference = 53CA5445BF6B3981C24E69FB /* Pods-ollamaGUI.debug.xcconfig */;
			buildSettings = {
				ASSETCATALOG_COMPILER_APPICON_NAME = AppIcon;
				ASSETCATALOG_COMPILER_GLOBAL_ACCENT_COLOR_NAME = AccentColor;
				CODE_SIGN_ENTITLEMENTS = ollamaGUI/ollamaGUI.entitlements;
				CODE_SIGN_STYLE = Automatic;
				COMBINE_HIDPI_IMAGES = YES;
				CURRENT_PROJECT_VERSION = 1;
				DEAD_CODE_STRIPPING = YES;
				DEVELOPMENT_ASSET_PATHS = "\"ollamaGUI/Preview Content\"";
				DEVELOPMENT_TEAM = D5W99SHK6S;
				ENABLE_HARDENED_RUNTIME = YES;
				ENABLE_PREVIEWS = YES;
				GENERATE_INFOPLIST_FILE = YES;
				INFOPLIST_KEY_NSHumanReadableCopyright = "";
				LD_RUNPATH_SEARCH_PATHS = (
					"$(inherited)",
					"@executable_path/../Frameworks",
				);
				MARKETING_VERSION = 1.0;
				PRODUCT_BUNDLE_IDENTIFIER = com.evnovert.ollamaGUI;
				PRODUCT_NAME = "$(TARGET_NAME)";
				SWIFT_EMIT_LOC_STRINGS = YES;
				SWIFT_VERSION = 5.0;
			};
			name = Debug;
		};
		AC842E462B4D16F800F9EC3F /* Release */ = {
			isa = XCBuildConfiguration;
			baseConfigurationReference = BF65F4059A904DEBDE105736 /* Pods-ollamaGUI.release.xcconfig */;
			buildSettings = {
				ASSETCATALOG_COMPILER_APPICON_NAME = AppIcon;
				ASSETCATALOG_COMPILER_GLOBAL_ACCENT_COLOR_NAME = AccentColor;
				CODE_SIGN_ENTITLEMENTS = ollamaGUI/ollamaGUI.entitlements;
				CODE_SIGN_STYLE = Automatic;
				COMBINE_HIDPI_IMAGES = YES;
				CURRENT_PROJECT_VERSION = 1;
				DEAD_CODE_STRIPPING = YES;
				DEVELOPMENT_ASSET_PATHS = "\"ollamaGUI/Preview Content\"";
				DEVELOPMENT_TEAM = D5W99SHK6S;
				ENABLE_HARDENED_RUNTIME = YES;
				ENABLE_PREVIEWS = YES;
				GENERATE_INFOPLIST_FILE = YES;
				INFOPLIST_KEY_NSHumanReadableCopyright = "";
				LD_RUNPATH_SEARCH_PATHS = (
					"$(inherited)",
					"@executable_path/../Frameworks",
				);
				MARKETING_VERSION = 1.0;
				PRODUCT_BUNDLE_IDENTIFIER = com.evnovert.ollamaGUI;
				PRODUCT_NAME = "$(TARGET_NAME)";
				SWIFT_EMIT_LOC_STRINGS = YES;
				SWIFT_VERSION = 5.0;
			};
			name = Release;
		};
/* End XCBuildConfiguration section */

/* Begin XCConfigurationList section */
		AC842E302B4D16F700F9EC3F /* Build configuration list for PBXProject "ollamaGUI" */ = {
			isa = XCConfigurationList;
			buildConfigurations = (
				AC842E422B4D16F800F9EC3F /* Debug */,
				AC842E432B4D16F800F9EC3F /* Release */,
			);
			defaultConfigurationIsVisible = 0;
			defaultConfigurationName = Release;
		};
		AC842E442B4D16F800F9EC3F /* Build configuration list for PBXNativeTarget "ollamaGUI" */ = {
			isa = XCConfigurationList;
			buildConfigurations = (
				AC842E452B4D16F800F9EC3F /* Debug */,
				AC842E462B4D16F800F9EC3F /* Release */,
			);
			defaultConfigurationIsVisible = 0;
			defaultConfigurationName = Release;
		};
/* End XCConfigurationList section */

/* Begin XCRemoteSwiftPackageReference section */
		AC1978B12B5503070091EE4F /* XCRemoteSwiftPackageReference "swift-markdown-ui" */ = {
			isa = XCRemoteSwiftPackageReference;
			repositoryURL = "https://github.com/gonzalezreal/swift-markdown-ui";
			requirement = {
				kind = upToNextMajorVersion;
				minimumVersion = 2.3.0;
			};
		};
/* End XCRemoteSwiftPackageReference section */

/* Begin XCSwiftPackageProductDependency section */
		AC1978B22B5503070091EE4F /* MarkdownUI */ = {
			isa = XCSwiftPackageProductDependency;
			package = AC1978B12B5503070091EE4F /* XCRemoteSwiftPackageReference "swift-markdown-ui" */;
			productName = MarkdownUI;
		};
/* End XCSwiftPackageProductDependency section */
	};
	rootObject = AC842E2D2B4D16F700F9EC3F /* Project object */;
}
